
Microsoft Visual Studio Solution File, Format Version 12.00
# Visual Studio Version 17
VisualStudioVersion = 17.14.36717.8 d17.14
MinimumVisualStudioVersion = 10.0.40219.1
Project("{FAE04EC0-301F-11D3-BF4B-00C04F79EFBC}") = "HotelAppDDD.Domain", "HotelAppDDD.Domain\HotelAppDDD.Domain.csproj", "{704CB195-6AD2-4EDF-9558-23C27BC5F57F}"
EndProject
Project("{FAE04EC0-301F-11D3-BF4B-00C04F79EFBC}") = "HotelAppDDD.Tests", "HotelAppDDD.Tests\HotelAppDDD.Tests.csproj", "{D6EDD616-E8E5-4216-A057-20ADF9755AEA}"
EndProject
Global
	GlobalSection(SolutionConfigurationPlatforms) = preSolution
		Debug|Any CPU = Debug|Any CPU
		Release|Any CPU = Release|Any CPU
	EndGlobalSection
	GlobalSection(ProjectConfigurationPlatforms) = postSolution
		{704CB195-6AD2-4EDF-9558-23C27BC5F57F}.Debug|Any CPU.ActiveCfg = Debug|Any CPU
		{704CB195-6AD2-4EDF-9558-23C27BC5F57F}.Debug|Any CPU.Build.0 = Debug|Any CPU
		{704CB195-6AD2-4EDF-9558-23C27BC5F57F}.Release|Any CPU.ActiveCfg = Release|Any CPU
		{704CB195-6AD2-4EDF-9558-23C27BC5F57F}.Release|Any CPU.Build.0 = Release|Any CPU
		{D6EDD616-E8E5-4216-A057-20ADF9755AEA}.Debug|Any CPU.ActiveCfg = Debug|Any CPU
		{D6EDD616-E8E5-4216-A057-20ADF9755AEA}.Debug|Any CPU.Build.0 = Debug|Any CPU
		{D6EDD616-E8E5-4216-A057-20ADF9755AEA}.Release|Any CPU.ActiveCfg = Release|Any CPU
		{D6EDD616-E8E5-4216-A057-20ADF9755AEA}.Release|Any CPU.Build.0 = Release|Any CPU
	EndGlobalSection
	GlobalSection(SolutionProperties) = preSolution
		HideSolutionNode = FALSE
	EndGlobalSection
	GlobalSection(ExtensibilityGlobals) = postSolution
		SolutionGuid = {1DA8C448-D365-4925-BDEF-84457D95BF00}
	EndGlobalSection
EndGlobal
